
Microsoft Visual Studio Solution File, Format Version 12.00
# Visual Studio Version 16
VisualStudioVersion = 16.0.31019.35
MinimumVisualStudioVersion = 10.0.40219.1
Project("{FAE04EC0-301F-11D3-BF4B-00C04F79EFBC}") = "Writer", "Writer\Writer.csproj", "{217569AE-4F51-4CD1-8E95-EFFAB46E211A}"
EndProject
Global
	GlobalSection(SolutionConfigurationPlatforms) = preSolution
		Debug|Any CPU = Debug|Any CPU
		Release|Any CPU = Release|Any CPU
	EndGlobalSection
	GlobalSection(ProjectConfigurationPlatforms) = postSolution
		{217569AE-4F51-4CD1-8E95-EFFAB46E211A}.Debug|Any CPU.ActiveCfg = Debug|Any CPU
		{217569AE-4F51-4CD1-8E95-EFFAB46E211A}.Debug|Any CPU.Build.0 = Debug|Any CPU
		{217569AE-4F51-4CD1-8E95-EFFAB46E211A}.Release|Any CPU.ActiveCfg = Release|Any CPU
		{217569AE-4F51-4CD1-8E95-EFFAB46E211A}.Release|Any CPU.Build.0 = Release|Any CPU
	EndGlobalSection
	GlobalSection(SolutionProperties) = preSolution
		HideSolutionNode = FALSE
	EndGlobalSection
	GlobalSection(ExtensibilityGlobals) = postSolution
		SolutionGuid = {C1CE090D-4293-4CCD-ADDC-E7C0183FA68D}
	EndGlobalSection
EndGlobal
